<?xml version="1.0" encoding="utf-8"?>
<Project ToolsVersion="4.0" xmlns="http://schemas.microsoft.com/developer/msbuild/2003">
  <ItemGroup>
    <Filter Include="Исходные файлы">
      <UniqueIdentifier>{4FC737F1-C7A5-4376-A066-2A32D752A2FF}</UniqueIdentifier>
      <Extensions>cpp;c;cc;cxx;c++;cppm;ixx;def;odl;idl;hpj;bat;asm;asmx</Extensions>
    </Filter>
    <Filter Include="Файлы заголовков">
      <UniqueIdentifier>{93995380-89BD-4b04-88EB-625FBE52EBFB}</UniqueIdentifier>
      <Extensions>h;hh;hpp;hxx;h++;hm;inl;inc;ipp;xsd</Extensions>
    </Filter>
    <Filter Include="Файлы ресурсов">
      <UniqueIdentifier>{67DA6AB6-F800-4c08-8B7A-83BB121AAD01}</UniqueIdentifier>
      <Extensions>rc;ico;cur;bmp;dlg;rc2;rct;bin;rgs;gif;jpg;jpeg;jpe;resx;tiff;tif;png;wav;mfcribbon-ms</Extensions>
    </Filter>
    <Filter Include="Файлы заголовков\ENUMS">
      <UniqueIdentifier>{b1ff1761-4166-4d0b-8d4c-dddc646e7123}</UniqueIdentifier>
    </Filter>
    <Filter Include="Файлы заголовков\Card">
      <UniqueIdentifier>{32767b8a-cc3c-4ff5-b8b3-146f8b0d42aa}</UniqueIdentifier>
    </Filter>
    <Filter Include="Файлы заголовков\Card\Suits">
      <UniqueIdentifier>{78a8d641-fd49-4b5b-8c46-4bf8b3e95051}</UniqueIdentifier>
    </Filter>
    <Filter Include="Файлы заголовков\Creator">
      <UniqueIdentifier>{4df10b0b-0bf0-4da3-95c7-fe830b694014}</UniqueIdentifier>
    </Filter>
    <Filter Include="Файлы заголовков\Creator\SuitCreators">
      <UniqueIdentifier>{fb500092-406b-4994-8d0f-45930ef184bb}</UniqueIdentifier>
    </Filter>
    <Filter Include="Исходные файлы\Creator">
      <UniqueIdentifier>{a384814b-0c1e-42db-b972-106a12a335d2}</UniqueIdentifier>
    </Filter>
    <Filter Include="Файлы заголовков\Menu">
      <UniqueIdentifier>{273f2e63-b0fe-43fe-9ad0-4892fabfb6be}</UniqueIdentifier>
    </Filter>
    <Filter Include="Файлы заголовков\Player">
      <UniqueIdentifier>{0e829c52-737e-4beb-9ece-41b8db5758fd}</UniqueIdentifier>
    </Filter>
  </ItemGroup>
  <ItemGroup>
    <ClCompile Include="main.cpp">
      <Filter>Исходные файлы</Filter>
    </ClCompile>
    <ClCompile Include="Card.cpp">
      <Filter>Исходные файлы</Filter>
    </ClCompile>
    <ClCompile Include="Array.cpp">
      <Filter>Исходные файлы</Filter>
    </ClCompile>
    <ClCompile Include="TemplateTypeArray.cpp">
      <Filter>Исходные файлы</Filter>
    </ClCompile>
    <ClCompile Include="MenuCreatCard.cpp">
      <Filter>Исходные файлы\Creator</Filter>
    </ClCompile>
    <ClCompile Include="Menu.cpp">
      <Filter>Исходные файлы</Filter>
    </ClCompile>
    <ClCompile Include="TemplateTypeMenu.cpp">
      <Filter>Исходные файлы</Filter>
    </ClCompile>
    <ClCompile Include="Deck.cpp">
      <Filter>Исходные файлы</Filter>
    </ClCompile>
    <ClCompile Include="Player.cpp">
      <Filter>Исходные файлы</Filter>
    </ClCompile>
    <ClCompile Include="GiverCards.cpp">
      <Filter>Исходные файлы</Filter>
    </ClCompile>
  </ItemGroup>
  <ItemGroup>
    <ClInclude Include="CARD_CONDITION.h">
      <Filter>Файлы заголовков\ENUMS</Filter>
    </ClInclude>
    <ClInclude Include="InfoTypeCard.h">
      <Filter>Файлы заголовков\Card</Filter>
    </ClInclude>
    <ClInclude Include="TYPES_CARD.h">
      <Filter>Файлы заголовков\Card</Filter>
    </ClInclude>
    <ClInclude Include="SUITS.h">
      <Filter>Файлы заголовков\Card\Suits</Filter>
    </ClInclude>
    <ClInclude Include="Clubs.h">
      <Filter>Файлы заголовков\Card\Suits</Filter>
    </ClInclude>
    <ClInclude Include="Diamonds.h">
      <Filter>Файлы заголовков\Card\Suits</Filter>
    </ClInclude>
    <ClInclude Include="Hearts.h">
      <Filter>Файлы заголовков\Card\Suits</Filter>
    </ClInclude>
    <ClInclude Include="Spades.h">
      <Filter>Файлы заголовков\Card\Suits</Filter>
    </ClInclude>
    <ClInclude Include="Card.h">
      <Filter>Файлы заголовков\Card</Filter>
    </ClInclude>
    <ClInclude Include="Array.h">
      <Filter>Файлы заголовков</Filter>
    </ClInclude>
    <ClInclude Include="ClubsCreator.h">
      <Filter>Файлы заголовков\Creator\SuitCreators</Filter>
    </ClInclude>
    <ClInclude Include="DiamondsCreator.h">
      <Filter>Файлы заголовков\Creator\SuitCreators</Filter>
    </ClInclude>
    <ClInclude Include="HeartsCreator.h">
      <Filter>Файлы заголовков\Creator\SuitCreators</Filter>
    </ClInclude>
    <ClInclude Include="SpadesCreator.h">
      <Filter>Файлы заголовков\Creator\SuitCreators</Filter>
    </ClInclude>
    <ClInclude Include="Creator.h">
      <Filter>Файлы заголовков\Creator</Filter>
    </ClInclude>
    <ClInclude Include="MenuCreatCard.h">
      <Filter>Файлы заголовков\Creator</Filter>
    </ClInclude>
    <ClInclude Include="Menu.h">
      <Filter>Файлы заголовков\Menu</Filter>
    </ClInclude>
    <ClInclude Include="ItemMenu.h">
      <Filter>Файлы заголовков\Menu</Filter>
    </ClInclude>
    <ClInclude Include="Deck.h">
      <Filter>Файлы заголовков</Filter>
    </ClInclude>
    <ClInclude Include="Player.h">
      <Filter>Файлы заголовков\Player</Filter>
    </ClInclude>
    <ClInclude Include="PASS_PLAYER.h">
      <Filter>Файлы заголовков\Player</Filter>
    </ClInclude>
    <ClInclude Include="GiverCards.h">
      <Filter>Файлы заголовков</Filter>
    </ClInclude>
  </ItemGroup>
</Project>